
Microsoft Visual Studio Solution File, Format Version 12.00
# Visual Studio 15
VisualStudioVersion = 15.0.27703.2047
MinimumVisualStudioVersion = 10.0.40219.1
Project("{FAE04EC0-301F-11D3-BF4B-00C04F79EFBC}") = "AuthEdge", "AuthEdge\AuthEdge.csproj", "{2BDBF53E-EF18-4974-92EC-1BA0E9C07370}"
EndProject
Project("{FAE04EC0-301F-11D3-BF4B-00C04F79EFBC}") = "PsEdge", "PsEdge\PsEdge.csproj", "{95C0572D-529D-4C18-8682-D1A10A0DA4F1}"
EndProject
Global
	GlobalSection(SolutionConfigurationPlatforms) = preSolution
		Debug|Any CPU = Debug|Any CPU
		Release|Any CPU = Release|Any CPU
	EndGlobalSection
	GlobalSection(ProjectConfigurationPlatforms) = postSolution
		{2BDBF53E-EF18-4974-92EC-1BA0E9C07370}.Debug|Any CPU.ActiveCfg = Debug|Any CPU
		{2BDBF53E-EF18-4974-92EC-1BA0E9C07370}.Debug|Any CPU.Build.0 = Debug|Any CPU
		{2BDBF53E-EF18-4974-92EC-1BA0E9C07370}.Release|Any CPU.ActiveCfg = Release|Any CPU
		{2BDBF53E-EF18-4974-92EC-1BA0E9C07370}.Release|Any CPU.Build.0 = Release|Any CPU
		{95C0572D-529D-4C18-8682-D1A10A0DA4F1}.Debug|Any CPU.ActiveCfg = Debug|Any CPU
		{95C0572D-529D-4C18-8682-D1A10A0DA4F1}.Debug|Any CPU.Build.0 = Debug|Any CPU
		{95C0572D-529D-4C18-8682-D1A10A0DA4F1}.Release|Any CPU.ActiveCfg = Debug|Any CPU
		{95C0572D-529D-4C18-8682-D1A10A0DA4F1}.Release|Any CPU.Build.0 = Debug|Any CPU
	EndGlobalSection
	GlobalSection(SolutionProperties) = preSolution
		HideSolutionNode = FALSE
	EndGlobalSection
	GlobalSection(ExtensibilityGlobals) = postSolution
		SolutionGuid = {E8715819-8C1E-43F4-A2F4-E6487E280326}
	EndGlobalSection
EndGlobal
